{
  "object": {
    "pins": [
      {
        "package": "Pageboy",
        "repositoryURL": "https://github.com/uias/Pageboy",
        "state": {
          "branch": null,
          "revision": "34ecb6e7c4e0e07494960ab2f7cc9a02293915a6",
          "version": "3.6.2"
        }
      },
      {
        "package": "SHSearchBar",
        "repositoryURL": "https://github.com/Blackjacx/SHSearchBar",
        "state": {
          "branch": null,
          "revision": "89e86e6979d305011edc7e4a4299cb2f40760978",
          "version": "2.0.0"
        }
      },
      {
        "package": "Tabman",
        "repositoryURL": "https://github.com/uias/Tabman",
        "state": {
          "branch": null,
          "revision": "28bcd3d3fca0a5b7c8767d19c91d57fbd04bf60d",
          "version": "2.9.1"
        }
      }
    ]
  },
  "version": 1
}
